
Microsoft Visual Studio Solution File, Format Version 12.00
# Visual Studio Version 17
VisualStudioVersion = 17.8.34330.188
MinimumVisualStudioVersion = 10.0.40219.1
Project("{FAE04EC0-301F-11D3-BF4B-00C04F79EFBC}") = "MyFirstApp", "MyFirstApp\MyFirstApp.csproj", "{F64033C7-F704-4AAB-AC5D-F8B600E142C6}"
EndProject
Global
	GlobalSection(SolutionConfigurationPlatforms) = preSolution
		Debug|Any CPU = Debug|Any CPU
		Release|Any CPU = Release|Any CPU
	EndGlobalSection
	GlobalSection(ProjectConfigurationPlatforms) = postSolution
		{F64033C7-F704-4AAB-AC5D-F8B600E142C6}.Debug|Any CPU.ActiveCfg = Debug|Any CPU
		{F64033C7-F704-4AAB-AC5D-F8B600E142C6}.Debug|Any CPU.Build.0 = Debug|Any CPU
		{F64033C7-F704-4AAB-AC5D-F8B600E142C6}.Release|Any CPU.ActiveCfg = Release|Any CPU
		{F64033C7-F704-4AAB-AC5D-F8B600E142C6}.Release|Any CPU.Build.0 = Release|Any CPU
	EndGlobalSection
	GlobalSection(SolutionProperties) = preSolution
		HideSolutionNode = FALSE
	EndGlobalSection
	GlobalSection(ExtensibilityGlobals) = postSolution
		SolutionGuid = {912E67D6-2524-491C-A611-8086510A35B1}
	EndGlobalSection
EndGlobal
